// !$*UTF8*$!
{
	archiveVersion = 1;
	classes = {
	};
	objectVersion = 55;
	objects = {

/* Begin PBXBuildFile section */
		513E589A281B1B4100B20C38 /* Cartao+CoreDataClass.swift in Sources */ = {isa = PBXBuildFile; fileRef = 513E5894281B1B4100B20C38 /* Cartao+CoreDataClass.swift */; };
		513E589B281B1B4100B20C38 /* Cartao+CoreDataProperties.swift in Sources */ = {isa = PBXBuildFile; fileRef = 513E5895281B1B4100B20C38 /* Cartao+CoreDataProperties.swift */; };
		513E589C281B1B4100B20C38 /* Historico+CoreDataClass.swift in Sources */ = {isa = PBXBuildFile; fileRef = 513E5896281B1B4100B20C38 /* Historico+CoreDataClass.swift */; };
		513E589D281B1B4100B20C38 /* Historico+CoreDataProperties.swift in Sources */ = {isa = PBXBuildFile; fileRef = 513E5897281B1B4100B20C38 /* Historico+CoreDataProperties.swift */; };
		513E589E281B1B4100B20C38 /* Deck+CoreDataClass.swift in Sources */ = {isa = PBXBuildFile; fileRef = 513E5898281B1B4100B20C38 /* Deck+CoreDataClass.swift */; };
		513E589F281B1B4100B20C38 /* Deck+CoreDataProperties.swift in Sources */ = {isa = PBXBuildFile; fileRef = 513E5899281B1B4100B20C38 /* Deck+CoreDataProperties.swift */; };
		516D88E42819DC1F0033F467 /* FlashCard.swift in Sources */ = {isa = PBXBuildFile; fileRef = 516D88E32819DC1F0033F467 /* FlashCard.swift */; };
		517F95232819D4BD00AA2B2B /* AppDelegate.swift in Sources */ = {isa = PBXBuildFile; fileRef = 517F95222819D4BD00AA2B2B /* AppDelegate.swift */; };
		517F95252819D4BD00AA2B2B /* SceneDelegate.swift in Sources */ = {isa = PBXBuildFile; fileRef = 517F95242819D4BD00AA2B2B /* SceneDelegate.swift */; };
		517F95272819D4BD00AA2B2B /* ViewController.swift in Sources */ = {isa = PBXBuildFile; fileRef = 517F95262819D4BD00AA2B2B /* ViewController.swift */; };
		517F952A2819D4BD00AA2B2B /* Main.storyboard in Resources */ = {isa = PBXBuildFile; fileRef = 517F95282819D4BD00AA2B2B /* Main.storyboard */; };
		517F952D2819D4BD00AA2B2B /* flashcard.xcdatamodeld in Sources */ = {isa = PBXBuildFile; fileRef = 517F952B2819D4BD00AA2B2B /* flashcard.xcdatamodeld */; };
		517F952F2819D4BE00AA2B2B /* Assets.xcassets in Resources */ = {isa = PBXBuildFile; fileRef = 517F952E2819D4BE00AA2B2B /* Assets.xcassets */; };
		517F95322819D4BF00AA2B2B /* LaunchScreen.storyboard in Resources */ = {isa = PBXBuildFile; fileRef = 517F95302819D4BF00AA2B2B /* LaunchScreen.storyboard */; };
		51856207281AE7BF00FE3A5F /* QuestionCard.swift in Sources */ = {isa = PBXBuildFile; fileRef = 51856206281AE7BF00FE3A5F /* QuestionCard.swift */; };
/* End PBXBuildFile section */

/* Begin PBXFileReference section */
		513E5894281B1B4100B20C38 /* Cartao+CoreDataClass.swift */ = {isa = PBXFileReference; lastKnownFileType = sourcecode.swift; path = "Cartao+CoreDataClass.swift"; sourceTree = "<group>"; };
		513E5895281B1B4100B20C38 /* Cartao+CoreDataProperties.swift */ = {isa = PBXFileReference; lastKnownFileType = sourcecode.swift; path = "Cartao+CoreDataProperties.swift"; sourceTree = "<group>"; };
		513E5896281B1B4100B20C38 /* Historico+CoreDataClass.swift */ = {isa = PBXFileReference; lastKnownFileType = sourcecode.swift; path = "Historico+CoreDataClass.swift"; sourceTree = "<group>"; };
		513E5897281B1B4100B20C38 /* Historico+CoreDataProperties.swift */ = {isa = PBXFileReference; lastKnownFileType = sourcecode.swift; path = "Historico+CoreDataProperties.swift"; sourceTree = "<group>"; };
		513E5898281B1B4100B20C38 /* Deck+CoreDataClass.swift */ = {isa = PBXFileReference; lastKnownFileType = sourcecode.swift; path = "Deck+CoreDataClass.swift"; sourceTree = "<group>"; };
		513E5899281B1B4100B20C38 /* Deck+CoreDataProperties.swift */ = {isa = PBXFileReference; lastKnownFileType = sourcecode.swift; path = "Deck+CoreDataProperties.swift"; sourceTree = "<group>"; };
		516D88E32819DC1F0033F467 /* FlashCard.swift */ = {isa = PBXFileReference; lastKnownFileType = sourcecode.swift; path = FlashCard.swift; sourceTree = "<group>"; };
		517F951F2819D4BD00AA2B2B /* flashcard.app */ = {isa = PBXFileReference; explicitFileType = wrapper.application; includeInIndex = 0; path = flashcard.app; sourceTree = BUILT_PRODUCTS_DIR; };
		517F95222819D4BD00AA2B2B /* AppDelegate.swift */ = {isa = PBXFileReference; lastKnownFileType = sourcecode.swift; path = AppDelegate.swift; sourceTree = "<group>"; };
		517F95242819D4BD00AA2B2B /* SceneDelegate.swift */ = {isa = PBXFileReference; lastKnownFileType = sourcecode.swift; path = SceneDelegate.swift; sourceTree = "<group>"; };
		517F95262819D4BD00AA2B2B /* ViewController.swift */ = {isa = PBXFileReference; lastKnownFileType = sourcecode.swift; path = ViewController.swift; sourceTree = "<group>"; };
		517F95292819D4BD00AA2B2B /* Base */ = {isa = PBXFileReference; lastKnownFileType = file.storyboard; name = Base; path = Base.lproj/Main.storyboard; sourceTree = "<group>"; };
		517F952C2819D4BD00AA2B2B /* flashcard.xcdatamodel */ = {isa = PBXFileReference; lastKnownFileType = wrapper.xcdatamodel; path = flashcard.xcdatamodel; sourceTree = "<group>"; };
		517F952E2819D4BE00AA2B2B /* Assets.xcassets */ = {isa = PBXFileReference; lastKnownFileType = folder.assetcatalog; path = Assets.xcassets; sourceTree = "<group>"; };
		517F95312819D4BF00AA2B2B /* Base */ = {isa = PBXFileReference; lastKnownFileType = file.storyboard; name = Base; path = Base.lproj/LaunchScreen.storyboard; sourceTree = "<group>"; };
		517F95332819D4BF00AA2B2B /* Info.plist */ = {isa = PBXFileReference; lastKnownFileType = text.plist.xml; path = Info.plist; sourceTree = "<group>"; };
		51856206281AE7BF00FE3A5F /* QuestionCard.swift */ = {isa = PBXFileReference; lastKnownFileType = sourcecode.swift; path = QuestionCard.swift; sourceTree = "<group>"; };
/* End PBXFileReference section */

/* Begin PBXFrameworksBuildPhase section */
		517F951C2819D4BD00AA2B2B /* Frameworks */ = {
			isa = PBXFrameworksBuildPhase;
			buildActionMask = 2147483647;
			files = (
			);
			runOnlyForDeploymentPostprocessing = 0;
		};
/* End PBXFrameworksBuildPhase section */

/* Begin PBXGroup section */
		513E58A0281B1B4D00B20C38 /* CoreDataModel */ = {
			isa = PBXGroup;
			children = (
				513E5898281B1B4100B20C38 /* Deck+CoreDataClass.swift */,
				513E5899281B1B4100B20C38 /* Deck+CoreDataProperties.swift */,
				513E5894281B1B4100B20C38 /* Cartao+CoreDataClass.swift */,
				513E5895281B1B4100B20C38 /* Cartao+CoreDataProperties.swift */,
				513E5896281B1B4100B20C38 /* Historico+CoreDataClass.swift */,
				513E5897281B1B4100B20C38 /* Historico+CoreDataProperties.swift */,
			);
			path = CoreDataModel;
			sourceTree = "<group>";
		};
		517F95162819D4BD00AA2B2B = {
			isa = PBXGroup;
			children = (
				517F95212819D4BD00AA2B2B /* flashcard */,
				517F95202819D4BD00AA2B2B /* Products */,
			);
			sourceTree = "<group>";
		};
		517F95202819D4BD00AA2B2B /* Products */ = {
			isa = PBXGroup;
			children = (
				517F951F2819D4BD00AA2B2B /* flashcard.app */,
			);
			name = Products;
			sourceTree = "<group>";
		};
		517F95212819D4BD00AA2B2B /* flashcard */ = {
			isa = PBXGroup;
			children = (
				513E58A0281B1B4D00B20C38 /* CoreDataModel */,
				517F95222819D4BD00AA2B2B /* AppDelegate.swift */,
				517F95242819D4BD00AA2B2B /* SceneDelegate.swift */,
				517F95262819D4BD00AA2B2B /* ViewController.swift */,
				517F95282819D4BD00AA2B2B /* Main.storyboard */,
				51856206281AE7BF00FE3A5F /* QuestionCard.swift */,
				516D88E32819DC1F0033F467 /* FlashCard.swift */,
				517F952E2819D4BE00AA2B2B /* Assets.xcassets */,
				517F95302819D4BF00AA2B2B /* LaunchScreen.storyboard */,
				517F95332819D4BF00AA2B2B /* Info.plist */,
				517F952B2819D4BD00AA2B2B /* flashcard.xcdatamodeld */,
			);
			path = flashcard;
			sourceTree = "<group>";
		};
/* End PBXGroup section */

/* Begin PBXNativeTarget section */
		517F951E2819D4BD00AA2B2B /* flashcard */ = {
			isa = PBXNativeTarget;
			buildConfigurationList = 517F95362819D4BF00AA2B2B /* Build configuration list for PBXNativeTarget "flashcard" */;
			buildPhases = (
				517F951B2819D4BD00AA2B2B /* Sources */,
				517F951C2819D4BD00AA2B2B /* Frameworks */,
				517F951D2819D4BD00AA2B2B /* Resources */,
			);
			buildRules = (
			);
			dependencies = (
			);
			name = flashcard;
			productName = flashcard;
			productReference = 517F951F2819D4BD00AA2B2B /* flashcard.app */;
			productType = "com.apple.product-type.application";
		};
/* End PBXNativeTarget section */

/* Begin PBXProject section */
		517F95172819D4BD00AA2B2B /* Project object */ = {
			isa = PBXProject;
			attributes = {
				BuildIndependentTargetsInParallel = 1;
				LastSwiftUpdateCheck = 1330;
				LastUpgradeCheck = 1330;
				TargetAttributes = {
					517F951E2819D4BD00AA2B2B = {
						CreatedOnToolsVersion = 13.3.1;
					};
				};
			};
			buildConfigurationList = 517F951A2819D4BD00AA2B2B /* Build configuration list for PBXProject "flashcard" */;
			compatibilityVersion = "Xcode 13.0";
			developmentRegion = en;
			hasScannedForEncodings = 0;
			knownRegions = (
				en,
				Base,
			);
			mainGroup = 517F95162819D4BD00AA2B2B;
			productRefGroup = 517F95202819D4BD00AA2B2B /* Products */;
			projectDirPath = "";
			projectRoot = "";
			targets = (
				517F951E2819D4BD00AA2B2B /* flashcard */,
			);
		};
/* End PBXProject section */

/* Begin PBXResourcesBuildPhase section */
		517F951D2819D4BD00AA2B2B /* Resources */ = {
			isa = PBXResourcesBuildPhase;
			buildActionMask = 2147483647;
			files = (
				517F95322819D4BF00AA2B2B /* LaunchScreen.storyboard in Resources */,
				517F952F2819D4BE00AA2B2B /* Assets.xcassets in Resources */,
				517F952A2819D4BD00AA2B2B /* Main.storyboard in Resources */,
			);
			runOnlyForDeploymentPostprocessing = 0;
		};
/* End PBXResourcesBuildPhase section */

/* Begin PBXSourcesBuildPhase section */
		517F951B2819D4BD00AA2B2B /* Sources */ = {
			isa = PBXSourcesBuildPhase;
			buildActionMask = 2147483647;
			files = (
				513E589D281B1B4100B20C38 /* Historico+CoreDataProperties.swift in Sources */,
				517F95272819D4BD00AA2B2B /* ViewController.swift in Sources */,
				513E589E281B1B4100B20C38 /* Deck+CoreDataClass.swift in Sources */,
				51856207281AE7BF00FE3A5F /* QuestionCard.swift in Sources */,
				517F95232819D4BD00AA2B2B /* AppDelegate.swift in Sources */,
				517F952D2819D4BD00AA2B2B /* flashcard.xcdatamodeld in Sources */,
				517F95252819D4BD00AA2B2B /* SceneDelegate.swift in Sources */,
				513E589A281B1B4100B20C38 /* Cartao+CoreDataClass.swift in Sources */,
				516D88E42819DC1F0033F467 /* FlashCard.swift in Sources */,
				513E589C281B1B4100B20C38 /* Historico+CoreDataClass.swift in Sources */,
				513E589F281B1B4100B20C38 /* Deck+CoreDataProperties.swift in Sources */,
				513E589B281B1B4100B20C38 /* Cartao+CoreDataProperties.swift in Sources */,
			);
			runOnlyForDeploymentPostprocessing = 0;
		};
/* End PBXSourcesBuildPhase section */

/* Begin PBXVariantGroup section */
		517F95282819D4BD00AA2B2B /* Main.storyboard */ = {
			isa = PBXVariantGroup;
			children = (
				517F95292819D4BD00AA2B2B /* Base */,
			);
			name = Main.storyboard;
			sourceTree = "<group>";
		};
		517F95302819D4BF00AA2B2B /* LaunchScreen.storyboard */ = {
			isa = PBXVariantGroup;
			children = (
				517F95312819D4BF00AA2B2B /* Base */,
			);
			name = LaunchScreen.storyboard;
			sourceTree = "<group>";
		};
/* End PBXVariantGroup section */

/* Begin XCBuildConfiguration section */
		517F95342819D4BF00AA2B2B /* Debug */ = {
			isa = XCBuildConfiguration;
			buildSettings = {
				ALWAYS_SEARCH_USER_PATHS = NO;
				CLANG_ANALYZER_NONNULL = YES;
				CLANG_ANALYZER_NUMBER_OBJECT_CONVERSION = YES_AGGRESSIVE;
				CLANG_CXX_LANGUAGE_STANDARD = "gnu++17";
				CLANG_ENABLE_MODULES = YES;
				CLANG_ENABLE_OBJC_ARC = YES;
				CLANG_ENABLE_OBJC_WEAK = YES;
				CLANG_WARN_BLOCK_CAPTURE_AUTORELEASING = YES;
				CLANG_WARN_BOOL_CONVERSION = YES;
				CLANG_WARN_COMMA = YES;
				CLANG_WARN_CONSTANT_CONVERSION = YES;
				CLANG_WARN_DEPRECATED_OBJC_IMPLEMENTATIONS = YES;
				CLANG_WARN_DIRECT_OBJC_ISA_USAGE = YES_ERROR;
				CLANG_WARN_DOCUMENTATION_COMMENTS = YES;
				CLANG_WARN_EMPTY_BODY = YES;
				CLANG_WARN_ENUM_CONVERSION = YES;
				CLANG_WARN_INFINITE_RECURSION = YES;
				CLANG_WARN_INT_CONVERSION = YES;
				CLANG_WARN_NON_LITERAL_NULL_CONVERSION = YES;
				CLANG_WARN_OBJC_IMPLICIT_RETAIN_SELF = YES;
				CLANG_WARN_OBJC_LITERAL_CONVERSION = YES;
				CLANG_WARN_OBJC_ROOT_CLASS = YES_ERROR;
				CLANG_WARN_QUOTED_INCLUDE_IN_FRAMEWORK_HEADER = YES;
				CLANG_WARN_RANGE_LOOP_ANALYSIS = YES;
				CLANG_WARN_STRICT_PROTOTYPES = YES;
				CLANG_WARN_SUSPICIOUS_MOVE = YES;
				CLANG_WARN_UNGUARDED_AVAILABILITY = YES_AGGRESSIVE;
				CLANG_WARN_UNREACHABLE_CODE = YES;
				CLANG_WARN__DUPLICATE_METHOD_MATCH = YES;
				COPY_PHASE_STRIP = NO;
				DEBUG_INFORMATION_FORMAT = dwarf;
				ENABLE_STRICT_OBJC_MSGSEND = YES;
				ENABLE_TESTABILITY = YES;
				GCC_C_LANGUAGE_STANDARD = gnu11;
				GCC_DYNAMIC_NO_PIC = NO;
				GCC_NO_COMMON_BLOCKS = YES;
				GCC_OPTIMIZATION_LEVEL = 0;
				GCC_PREPROCESSOR_DEFINITIONS = (
					"DEBUG=1",
					"$(inherited)",
				);
				GCC_WARN_64_TO_32_BIT_CONVERSION = YES;
				GCC_WARN_ABOUT_RETURN_TYPE = YES_ERROR;
				GCC_WARN_UNDECLARED_SELECTOR = YES;
				GCC_WARN_UNINITIALIZED_AUTOS = YES_AGGRESSIVE;
				GCC_WARN_UNUSED_FUNCTION = YES;
				GCC_WARN_UNUSED_VARIABLE = YES;
				IPHONEOS_DEPLOYMENT_TARGET = 15.4;
				MTL_ENABLE_DEBUG_INFO = INCLUDE_SOURCE;
				MTL_FAST_MATH = YES;
				ONLY_ACTIVE_ARCH = YES;
				SDKROOT = iphoneos;
				SWIFT_ACTIVE_COMPILATION_CONDITIONS = DEBUG;
				SWIFT_OPTIMIZATION_LEVEL = "-Onone";
			};
			name = Debug;
		};
		517F95352819D4BF00AA2B2B /* Release */ = {
			isa = XCBuildConfiguration;
			buildSettings = {
				ALWAYS_SEARCH_USER_PATHS = NO;
				CLANG_ANALYZER_NONNULL = YES;
				CLANG_ANALYZER_NUMBER_OBJECT_CONVERSION = YES_AGGRESSIVE;
				CLANG_CXX_LANGUAGE_STANDARD = "gnu++17";
				CLANG_ENABLE_MODULES = YES;
				CLANG_ENABLE_OBJC_ARC = YES;
				CLANG_ENABLE_OBJC_WEAK = YES;
				CLANG_WARN_BLOCK_CAPTURE_AUTORELEASING = YES;
				CLANG_WARN_BOOL_CONVERSION = YES;
				CLANG_WARN_COMMA = YES;
				CLANG_WARN_CONSTANT_CONVERSION = YES;
				CLANG_WARN_DEPRECATED_OBJC_IMPLEMENTATIONS = YES;
				CLANG_WARN_DIRECT_OBJC_ISA_USAGE = YES_ERROR;
				CLANG_WARN_DOCUMENTATION_COMMENTS = YES;
				CLANG_WARN_EMPTY_BODY = YES;
				CLANG_WARN_ENUM_CONVERSION = YES;
				CLANG_WARN_INFINITE_RECURSION = YES;
				CLANG_WARN_INT_CONVERSION = YES;
				CLANG_WARN_NON_LITERAL_NULL_CONVERSION = YES;
				CLANG_WARN_OBJC_IMPLICIT_RETAIN_SELF = YES;
				CLANG_WARN_OBJC_LITERAL_CONVERSION = YES;
				CLANG_WARN_OBJC_ROOT_CLASS = YES_ERROR;
				CLANG_WARN_QUOTED_INCLUDE_IN_FRAMEWORK_HEADER = YES;
				CLANG_WARN_RANGE_LOOP_ANALYSIS = YES;
				CLANG_WARN_STRICT_PROTOTYPES = YES;
				CLANG_WARN_SUSPICIOUS_MOVE = YES;
				CLANG_WARN_UNGUARDED_AVAILABILITY = YES_AGGRESSIVE;
				CLANG_WARN_UNREACHABLE_CODE = YES;
				CLANG_WARN__DUPLICATE_METHOD_MATCH = YES;
				COPY_PHASE_STRIP = NO;
				DEBUG_INFORMATION_FORMAT = "dwarf-with-dsym";
				ENABLE_NS_ASSERTIONS = NO;
				ENABLE_STRICT_OBJC_MSGSEND = YES;
				GCC_C_LANGUAGE_STANDARD = gnu11;
				GCC_NO_COMMON_BLOCKS = YES;
				GCC_WARN_64_TO_32_BIT_CONVERSION = YES;
				GCC_WARN_ABOUT_RETURN_TYPE = YES_ERROR;
				GCC_WARN_UNDECLARED_SELECTOR = YES;
				GCC_WARN_UNINITIALIZED_AUTOS = YES_AGGRESSIVE;
				GCC_WARN_UNUSED_FUNCTION = YES;
				GCC_WARN_UNUSED_VARIABLE = YES;
				IPHONEOS_DEPLOYMENT_TARGET = 15.4;
				MTL_ENABLE_DEBUG_INFO = NO;
				MTL_FAST_MATH = YES;
				SDKROOT = iphoneos;
				SWIFT_COMPILATION_MODE = wholemodule;
				SWIFT_OPTIMIZATION_LEVEL = "-O";
				VALIDATE_PRODUCT = YES;
			};
			name = Release;
		};
		517F95372819D4BF00AA2B2B /* Debug */ = {
			isa = XCBuildConfiguration;
			buildSettings = {
				ASSETCATALOG_COMPILER_APPICON_NAME = AppIcon;
				ASSETCATALOG_COMPILER_GLOBAL_ACCENT_COLOR_NAME = AccentColor;
				CODE_SIGN_STYLE = Automatic;
				CURRENT_PROJECT_VERSION = 1;
				GENERATE_INFOPLIST_FILE = YES;
				INFOPLIST_FILE = flashcard/Info.plist;
				INFOPLIST_KEY_UIApplicationSupportsIndirectInputEvents = YES;
				INFOPLIST_KEY_UILaunchStoryboardName = LaunchScreen;
				INFOPLIST_KEY_UIMainStoryboardFile = Main;
				INFOPLIST_KEY_UISupportedInterfaceOrientations_iPad = "UIInterfaceOrientationPortrait UIInterfaceOrientationPortraitUpsideDown UIInterfaceOrientationLandscapeLeft UIInterfaceOrientationLandscapeRight";
				INFOPLIST_KEY_UISupportedInterfaceOrientations_iPhone = "UIInterfaceOrientationPortrait UIInterfaceOrientationLandscapeLeft UIInterfaceOrientationLandscapeRight";
				LD_RUNPATH_SEARCH_PATHS = (
					"$(inherited)",
					"@executable_path/Frameworks",
				);
				MARKETING_VERSION = 1.0;
				PRODUCT_BUNDLE_IDENTIFIER = flashcard.flashcard;
				PRODUCT_NAME = "$(TARGET_NAME)";
				SWIFT_EMIT_LOC_STRINGS = YES;
				SWIFT_VERSION = 5.0;
				TARGETED_DEVICE_FAMILY = "1,2";
			};
			name = Debug;
		};
		517F95382819D4BF00AA2B2B /* Release */ = {
			isa = XCBuildConfiguration;
			buildSettings = {
				ASSETCATALOG_COMPILER_APPICON_NAME = AppIcon;
				ASSETCATALOG_COMPILER_GLOBAL_ACCENT_COLOR_NAME = AccentColor;
				CODE_SIGN_STYLE = Automatic;
				CURRENT_PROJECT_VERSION = 1;
				GENERATE_INFOPLIST_FILE = YES;
				INFOPLIST_FILE = flashcard/Info.plist;
				INFOPLIST_KEY_UIApplicationSupportsIndirectInputEvents = YES;
				INFOPLIST_KEY_UILaunchStoryboardName = LaunchScreen;
				INFOPLIST_KEY_UIMainStoryboardFile = Main;
				INFOPLIST_KEY_UISupportedInterfaceOrientations_iPad = "UIInterfaceOrientationPortrait UIInterfaceOrientationPortraitUpsideDown UIInterfaceOrientationLandscapeLeft UIInterfaceOrientationLandscapeRight";
				INFOPLIST_KEY_UISupportedInterfaceOrientations_iPhone = "UIInterfaceOrientationPortrait UIInterfaceOrientationLandscapeLeft UIInterfaceOrientationLandscapeRight";
				LD_RUNPATH_SEARCH_PATHS = (
					"$(inherited)",
					"@executable_path/Frameworks",
				);
				MARKETING_VERSION = 1.0;
				PRODUCT_BUNDLE_IDENTIFIER = flashcard.flashcard;
				PRODUCT_NAME = "$(TARGET_NAME)";
				SWIFT_EMIT_LOC_STRINGS = YES;
				SWIFT_VERSION = 5.0;
				TARGETED_DEVICE_FAMILY = "1,2";
			};
			name = Release;
		};
/* End XCBuildConfiguration section */

/* Begin XCConfigurationList section */
		517F951A2819D4BD00AA2B2B /* Build configuration list for PBXProject "flashcard" */ = {
			isa = XCConfigurationList;
			buildConfigurations = (
				517F95342819D4BF00AA2B2B /* Debug */,
				517F95352819D4BF00AA2B2B /* Release */,
			);
			defaultConfigurationIsVisible = 0;
			defaultConfigurationName = Release;
		};
		517F95362819D4BF00AA2B2B /* Build configuration list for PBXNativeTarget "flashcard" */ = {
			isa = XCConfigurationList;
			buildConfigurations = (
				517F95372819D4BF00AA2B2B /* Debug */,
				517F95382819D4BF00AA2B2B /* Release */,
			);
			defaultConfigurationIsVisible = 0;
			defaultConfigurationName = Release;
		};
/* End XCConfigurationList section */

/* Begin XCVersionGroup section */
		517F952B2819D4BD00AA2B2B /* flashcard.xcdatamodeld */ = {
			isa = XCVersionGroup;
			children = (
				517F952C2819D4BD00AA2B2B /* flashcard.xcdatamodel */,
			);
			currentVersion = 517F952C2819D4BD00AA2B2B /* flashcard.xcdatamodel */;
			path = flashcard.xcdatamodeld;
			sourceTree = "<group>";
			versionGroupType = wrapper.xcdatamodel;
		};
/* End XCVersionGroup section */
	};
	rootObject = 517F95172819D4BD00AA2B2B /* Project object */;
}
